{
  "name": "example",
  "version": "1.0.0",
  "lockfileVersion": 2,
  "requires": true,
  "packages": {
    "": {
      "name": "example",
      "version": "1.0.0",
      "license": "ISC",
      "dependencies": {
        "@rondymesquita/nutshell": "file:.."
      }
    },
    "..": {
      "name": "@rondymesquita/nutshell",
      "version": "0.3.0",
      "license": "ISC",
      "dependencies": {
        "chalk": "^4.1.0",
        "fs-extra": "^10.1.0",
        "globby": "^13.1.2",
        "winston": "^3.8.1",
        "yaml": "^2.1.1",
        "yargs": "^17.5.1"
      },
      "bin": {
        "ns": "src/bin.ts",
        "nutshell": "src/bin.ts"
      },
      "devDependencies": {
        "@release-it/conventional-changelog": "^5.0.0",
        "@types/fs-extra": "^9.0.13",
        "@types/jest": "^27.0.2",
        "copyfiles": "^2.4.1",
        "jest": "^27.3.1",
        "nodemon": "^2.0.14",
        "prettier": "^2.4.1",
        "release-it": "^15.2.0",
        "rimraf": "^3.0.2",
        "ts-jest": "^27.0.7",
        "ts-node": "^10.4.0",
        "typedoc": "^0.23.10",
        "typescript": "^4.4.4",
        "vitest": "^0.19.1"
      }
    },
    "node_modules/@rondymesquita/nutshell": {
      "resolved": "..",
      "link": true
    }
  },
  "dependencies": {
    "@rondymesquita/nutshell": {
      "version": "file:..",
      "requires": {
        "@release-it/conventional-changelog": "^5.0.0",
        "@types/fs-extra": "^9.0.13",
        "@types/jest": "^27.0.2",
        "chalk": "^4.1.0",
        "copyfiles": "^2.4.1",
        "fs-extra": "^10.1.0",
        "globby": "^13.1.2",
        "jest": "^27.3.1",
        "nodemon": "^2.0.14",
        "prettier": "^2.4.1",
        "release-it": "^15.2.0",
        "rimraf": "^3.0.2",
        "ts-jest": "^27.0.7",
        "ts-node": "^10.4.0",
        "typedoc": "^0.23.10",
        "typescript": "^4.4.4",
        "vitest": "^0.19.1",
        "winston": "^3.8.1",
        "yaml": "^2.1.1",
        "yargs": "^17.5.1"
      }
    }
  }
}
